// !$*UTF8*$!
{
	archiveVersion = 1;
	classes = {
	};
	objectVersion = 50;
	objects = {

/* Begin PBXBuildFile section */
		9C43D4B6225E65E600ACB8AA /* AppDelegate.swift in Sources */ = {isa = PBXBuildFile; fileRef = 9C43D4B5225E65E600ACB8AA /* AppDelegate.swift */; };
		9C43D4B8225E65E600ACB8AA /* ViewController.swift in Sources */ = {isa = PBXBuildFile; fileRef = 9C43D4B7225E65E600ACB8AA /* ViewController.swift */; };
		9C43D4BB225E65E600ACB8AA /* Main.storyboard in Resources */ = {isa = PBXBuildFile; fileRef = 9C43D4B9225E65E600ACB8AA /* Main.storyboard */; };
		9C43D4BD225E65EB00ACB8AA /* Assets.xcassets in Resources */ = {isa = PBXBuildFile; fileRef = 9C43D4BC225E65EB00ACB8AA /* Assets.xcassets */; };
		9C43D4C0225E65EB00ACB8AA /* LaunchScreen.storyboard in Resources */ = {isa = PBXBuildFile; fileRef = 9C43D4BE225E65EB00ACB8AA /* LaunchScreen.storyboard */; };
		9C43D4CB225E65EC00ACB8AA /* calculatorTests.swift in Sources */ = {isa = PBXBuildFile; fileRef = 9C43D4CA225E65EC00ACB8AA /* calculatorTests.swift */; };
		9C43D4D6225E65EC00ACB8AA /* calculatorUITests.swift in Sources */ = {isa = PBXBuildFile; fileRef = 9C43D4D5225E65EC00ACB8AA /* calculatorUITests.swift */; };
/* End PBXBuildFile section */

/* Begin PBXContainerItemProxy section */
		9C43D4C7225E65EC00ACB8AA /* PBXContainerItemProxy */ = {
			isa = PBXContainerItemProxy;
			containerPortal = 9C43D4AA225E65E600ACB8AA /* Project object */;
			proxyType = 1;
			remoteGlobalIDString = 9C43D4B1225E65E600ACB8AA;
			remoteInfo = calculator;
		};
		9C43D4D2225E65EC00ACB8AA /* PBXContainerItemProxy */ = {
			isa = PBXContainerItemProxy;
			containerPortal = 9C43D4AA225E65E600ACB8AA /* Project object */;
			proxyType = 1;
			remoteGlobalIDString = 9C43D4B1225E65E600ACB8AA;
			remoteInfo = calculator;
		};
/* End PBXContainerItemProxy section */

/* Begin PBXFileReference section */
		9C43D4B2225E65E600ACB8AA /* calculator.app */ = {isa = PBXFileReference; explicitFileType = wrapper.application; includeInIndex = 0; path = calculator.app; sourceTree = BUILT_PRODUCTS_DIR; };
		9C43D4B5225E65E600ACB8AA /* AppDelegate.swift */ = {isa = PBXFileReference; lastKnownFileType = sourcecode.swift; path = AppDelegate.swift; sourceTree = "<group>"; };
		9C43D4B7225E65E600ACB8AA /* ViewController.swift */ = {isa = PBXFileReference; lastKnownFileType = sourcecode.swift; path = ViewController.swift; sourceTree = "<group>"; };
		9C43D4BA225E65E600ACB8AA /* Base */ = {isa = PBXFileReference; lastKnownFileType = file.storyboard; name = Base; path = Base.lproj/Main.storyboard; sourceTree = "<group>"; };
		9C43D4BC225E65EB00ACB8AA /* Assets.xcassets */ = {isa = PBXFileReference; lastKnownFileType = folder.assetcatalog; path = Assets.xcassets; sourceTree = "<group>"; };
		9C43D4BF225E65EB00ACB8AA /* Base */ = {isa = PBXFileReference; lastKnownFileType = file.storyboard; name = Base; path = Base.lproj/LaunchScreen.storyboard; sourceTree = "<group>"; };
		9C43D4C1225E65EC00ACB8AA /* Info.plist */ = {isa = PBXFileReference; lastKnownFileType = text.plist.xml; path = Info.plist; sourceTree = "<group>"; };
		9C43D4C6225E65EC00ACB8AA /* calculatorTests.xctest */ = {isa = PBXFileReference; explicitFileType = wrapper.cfbundle; includeInIndex = 0; path = calculatorTests.xctest; sourceTree = BUILT_PRODUCTS_DIR; };
		9C43D4CA225E65EC00ACB8AA /* calculatorTests.swift */ = {isa = PBXFileReference; lastKnownFileType = sourcecode.swift; path = calculatorTests.swift; sourceTree = "<group>"; };
		9C43D4CC225E65EC00ACB8AA /* Info.plist */ = {isa = PBXFileReference; lastKnownFileType = text.plist.xml; path = Info.plist; sourceTree = "<group>"; };
		9C43D4D1225E65EC00ACB8AA /* calculatorUITests.xctest */ = {isa = PBXFileReference; explicitFileType = wrapper.cfbundle; includeInIndex = 0; path = calculatorUITests.xctest; sourceTree = BUILT_PRODUCTS_DIR; };
		9C43D4D5225E65EC00ACB8AA /* calculatorUITests.swift */ = {isa = PBXFileReference; lastKnownFileType = sourcecode.swift; path = calculatorUITests.swift; sourceTree = "<group>"; };
		9C43D4D7225E65EC00ACB8AA /* Info.plist */ = {isa = PBXFileReference; lastKnownFileType = text.plist.xml; path = Info.plist; sourceTree = "<group>"; };
/* End PBXFileReference section */

/* Begin PBXFrameworksBuildPhase section */
		9C43D4AF225E65E600ACB8AA /* Frameworks */ = {
			isa = PBXFrameworksBuildPhase;
			buildActionMask = 2147483647;
			files = (
			);
			runOnlyForDeploymentPostprocessing = 0;
		};
		9C43D4C3225E65EC00ACB8AA /* Frameworks */ = {
			isa = PBXFrameworksBuildPhase;
			buildActionMask = 2147483647;
			files = (
			);
			runOnlyForDeploymentPostprocessing = 0;
		};
		9C43D4CE225E65EC00ACB8AA /* Frameworks */ = {
			isa = PBXFrameworksBuildPhase;
			buildActionMask = 2147483647;
			files = (
			);
			runOnlyForDeploymentPostprocessing = 0;
		};
/* End PBXFrameworksBuildPhase section */

/* Begin PBXGroup section */
		9C43D4A9225E65E600ACB8AA = {
			isa = PBXGroup;
			children = (
				9C43D4B4225E65E600ACB8AA /* calculator */,
				9C43D4C9225E65EC00ACB8AA /* calculatorTests */,
				9C43D4D4225E65EC00ACB8AA /* calculatorUITests */,
				9C43D4B3225E65E600ACB8AA /* Products */,
			);
			sourceTree = "<group>";
		};
		9C43D4B3225E65E600ACB8AA /* Products */ = {
			isa = PBXGroup;
			children = (
				9C43D4B2225E65E600ACB8AA /* calculator.app */,
				9C43D4C6225E65EC00ACB8AA /* calculatorTests.xctest */,
				9C43D4D1225E65EC00ACB8AA /* calculatorUITests.xctest */,
			);
			name = Products;
			sourceTree = "<group>";
		};
		9C43D4B4225E65E600ACB8AA /* calculator */ = {
			isa = PBXGroup;
			children = (
				9C43D4B5225E65E600ACB8AA /* AppDelegate.swift */,
				9C43D4B7225E65E600ACB8AA /* ViewController.swift */,
				9C43D4B9225E65E600ACB8AA /* Main.storyboard */,
				9C43D4BC225E65EB00ACB8AA /* Assets.xcassets */,
				9C43D4BE225E65EB00ACB8AA /* LaunchScreen.storyboard */,
				9C43D4C1225E65EC00ACB8AA /* Info.plist */,
			);
			path = calculator;
			sourceTree = "<group>";
		};
		9C43D4C9225E65EC00ACB8AA /* calculatorTests */ = {
			isa = PBXGroup;
			children = (
				9C43D4CA225E65EC00ACB8AA /* calculatorTests.swift */,
				9C43D4CC225E65EC00ACB8AA /* Info.plist */,
			);
			path = calculatorTests;
			sourceTree = "<group>";
		};
		9C43D4D4225E65EC00ACB8AA /* calculatorUITests */ = {
			isa = PBXGroup;
			children = (
				9C43D4D5225E65EC00ACB8AA /* calculatorUITests.swift */,
				9C43D4D7225E65EC00ACB8AA /* Info.plist */,
			);
			path = calculatorUITests;
			sourceTree = "<group>";
		};
/* End PBXGroup section */

/* Begin PBXNativeTarget section */
		9C43D4B1225E65E600ACB8AA /* calculator */ = {
			isa = PBXNativeTarget;
			buildConfigurationList = 9C43D4DA225E65EC00ACB8AA /* Build configuration list for PBXNativeTarget "calculator" */;
			buildPhases = (
				9C43D4AE225E65E600ACB8AA /* Sources */,
				9C43D4AF225E65E600ACB8AA /* Frameworks */,
				9C43D4B0225E65E600ACB8AA /* Resources */,
			);
			buildRules = (
			);
			dependencies = (
			);
			name = calculator;
			productName = calculator;
			productReference = 9C43D4B2225E65E600ACB8AA /* calculator.app */;
			productType = "com.apple.product-type.application";
		};
		9C43D4C5225E65EC00ACB8AA /* calculatorTests */ = {
			isa = PBXNativeTarget;
			buildConfigurationList = 9C43D4DD225E65EC00ACB8AA /* Build configuration list for PBXNativeTarget "calculatorTests" */;
			buildPhases = (
				9C43D4C2225E65EC00ACB8AA /* Sources */,
				9C43D4C3225E65EC00ACB8AA /* Frameworks */,
				9C43D4C4225E65EC00ACB8AA /* Resources */,
			);
			buildRules = (
			);
			dependencies = (
				9C43D4C8225E65EC00ACB8AA /* PBXTargetDependency */,
			);
			name = calculatorTests;
			productName = calculatorTests;
			productReference = 9C43D4C6225E65EC00ACB8AA /* calculatorTests.xctest */;
			productType = "com.apple.product-type.bundle.unit-test";
		};
		9C43D4D0225E65EC00ACB8AA /* calculatorUITests */ = {
			isa = PBXNativeTarget;
			buildConfigurationList = 9C43D4E0225E65EC00ACB8AA /* Build configuration list for PBXNativeTarget "calculatorUITests" */;
			buildPhases = (
				9C43D4CD225E65EC00ACB8AA /* Sources */,
				9C43D4CE225E65EC00ACB8AA /* Frameworks */,
				9C43D4CF225E65EC00ACB8AA /* Resources */,
			);
			buildRules = (
			);
			dependencies = (
				9C43D4D3225E65EC00ACB8AA /* PBXTargetDependency */,
			);
			name = calculatorUITests;
			productName = calculatorUITests;
			productReference = 9C43D4D1225E65EC00ACB8AA /* calculatorUITests.xctest */;
			productType = "com.apple.product-type.bundle.ui-testing";
		};
/* End PBXNativeTarget section */

/* Begin PBXProject section */
		9C43D4AA225E65E600ACB8AA /* Project object */ = {
			isa = PBXProject;
			attributes = {
				LastSwiftUpdateCheck = 0940;
				LastUpgradeCheck = 0940;
				ORGANIZATIONNAME = "Quan Trinh";
				TargetAttributes = {
					9C43D4B1225E65E600ACB8AA = {
						CreatedOnToolsVersion = 9.4.1;
					};
					9C43D4C5225E65EC00ACB8AA = {
						CreatedOnToolsVersion = 9.4.1;
						TestTargetID = 9C43D4B1225E65E600ACB8AA;
					};
					9C43D4D0225E65EC00ACB8AA = {
						CreatedOnToolsVersion = 9.4.1;
						TestTargetID = 9C43D4B1225E65E600ACB8AA;
					};
				};
			};
			buildConfigurationList = 9C43D4AD225E65E600ACB8AA /* Build configuration list for PBXProject "calculator" */;
			compatibilityVersion = "Xcode 9.3";
			developmentRegion = en;
			hasScannedForEncodings = 0;
			knownRegions = (
				en,
				Base,
			);
			mainGroup = 9C43D4A9225E65E600ACB8AA;
			productRefGroup = 9C43D4B3225E65E600ACB8AA /* Products */;
			projectDirPath = "";
			projectRoot = "";
			targets = (
				9C43D4B1225E65E600ACB8AA /* calculator */,
				9C43D4C5225E65EC00ACB8AA /* calculatorTests */,
				9C43D4D0225E65EC00ACB8AA /* calculatorUITests */,
			);
		};
/* End PBXProject section */

/* Begin PBXResourcesBuildPhase section */
		9C43D4B0225E65E600ACB8AA /* Resources */ = {
			isa = PBXResourcesBuildPhase;
			buildActionMask = 2147483647;
			files = (
				9C43D4C0225E65EB00ACB8AA /* LaunchScreen.storyboard in Resources */,
				9C43D4BD225E65EB00ACB8AA /* Assets.xcassets in Resources */,
				9C43D4BB225E65E600ACB8AA /* Main.storyboard in Resources */,
			);
			runOnlyForDeploymentPostprocessing = 0;
		};
		9C43D4C4225E65EC00ACB8AA /* Resources */ = {
			isa = PBXResourcesBuildPhase;
			buildActionMask = 2147483647;
			files = (
			);
			runOnlyForDeploymentPostprocessing = 0;
		};
		9C43D4CF225E65EC00ACB8AA /* Resources */ = {
			isa = PBXResourcesBuildPhase;
			buildActionMask = 2147483647;
			files = (
			);
			runOnlyForDeploymentPostprocessing = 0;
		};
/* End PBXResourcesBuildPhase section */

/* Begin PBXSourcesBuildPhase section */
		9C43D4AE225E65E600ACB8AA /* Sources */ = {
			isa = PBXSourcesBuildPhase;
			buildActionMask = 2147483647;
			files = (
				9C43D4B8225E65E600ACB8AA /* ViewController.swift in Sources */,
				9C43D4B6225E65E600ACB8AA /* AppDelegate.swift in Sources */,
			);
			runOnlyForDeploymentPostprocessing = 0;
		};
		9C43D4C2225E65EC00ACB8AA /* Sources */ = {
			isa = PBXSourcesBuildPhase;
			buildActionMask = 2147483647;
			files = (
				9C43D4CB225E65EC00ACB8AA /* calculatorTests.swift in Sources */,
			);
			runOnlyForDeploymentPostprocessing = 0;
		};
		9C43D4CD225E65EC00ACB8AA /* Sources */ = {
			isa = PBXSourcesBuildPhase;
			buildActionMask = 2147483647;
			files = (
				9C43D4D6225E65EC00ACB8AA /* calculatorUITests.swift in Sources */,
			);
			runOnlyForDeploymentPostprocessing = 0;
		};
/* End PBXSourcesBuildPhase section */

/* Begin PBXTargetDependency section */
		9C43D4C8225E65EC00ACB8AA /* PBXTargetDependency */ = {
			isa = PBXTargetDependency;
			target = 9C43D4B1225E65E600ACB8AA /* calculator */;
			targetProxy = 9C43D4C7225E65EC00ACB8AA /* PBXContainerItemProxy */;
		};
		9C43D4D3225E65EC00ACB8AA /* PBXTargetDependency */ = {
			isa = PBXTargetDependency;
			target = 9C43D4B1225E65E600ACB8AA /* calculator */;
			targetProxy = 9C43D4D2225E65EC00ACB8AA /* PBXContainerItemProxy */;
		};
/* End PBXTargetDependency section */

/* Begin PBXVariantGroup section */
		9C43D4B9225E65E600ACB8AA /* Main.storyboard */ = {
			isa = PBXVariantGroup;
			children = (
				9C43D4BA225E65E600ACB8AA /* Base */,
			);
			name = Main.storyboard;
			sourceTree = "<group>";
		};
		9C43D4BE225E65EB00ACB8AA /* LaunchScreen.storyboard */ = {
			isa = PBXVariantGroup;
			children = (
				9C43D4BF225E65EB00ACB8AA /* Base */,
			);
			name = LaunchScreen.storyboard;
			sourceTree = "<group>";
		};
/* End PBXVariantGroup section */

/* Begin XCBuildConfiguration section */
		9C43D4D8225E65EC00ACB8AA /* Debug */ = {
			isa = XCBuildConfiguration;
			buildSettings = {
				ALWAYS_SEARCH_USER_PATHS = NO;
				CLANG_ANALYZER_NONNULL = YES;
				CLANG_ANALYZER_NUMBER_OBJECT_CONVERSION = YES_AGGRESSIVE;
				CLANG_CXX_LANGUAGE_STANDARD = "gnu++14";
				CLANG_CXX_LIBRARY = "libc++";
				CLANG_ENABLE_MODULES = YES;
				CLANG_ENABLE_OBJC_ARC = YES;
				CLANG_ENABLE_OBJC_WEAK = YES;
				CLANG_WARN_BLOCK_CAPTURE_AUTORELEASING = YES;
				CLANG_WARN_BOOL_CONVERSION = YES;
				CLANG_WARN_COMMA = YES;
				CLANG_WARN_CONSTANT_CONVERSION = YES;
				CLANG_WARN_DEPRECATED_OBJC_IMPLEMENTATIONS = YES;
				CLANG_WARN_DIRECT_OBJC_ISA_USAGE = YES_ERROR;
				CLANG_WARN_DOCUMENTATION_COMMENTS = YES;
				CLANG_WARN_EMPTY_BODY = YES;
				CLANG_WARN_ENUM_CONVERSION = YES;
				CLANG_WARN_INFINITE_RECURSION = YES;
				CLANG_WARN_INT_CONVERSION = YES;
				CLANG_WARN_NON_LITERAL_NULL_CONVERSION = YES;
				CLANG_WARN_OBJC_IMPLICIT_RETAIN_SELF = YES;
				CLANG_WARN_OBJC_LITERAL_CONVERSION = YES;
				CLANG_WARN_OBJC_ROOT_CLASS = YES_ERROR;
				CLANG_WARN_RANGE_LOOP_ANALYSIS = YES;
				CLANG_WARN_STRICT_PROTOTYPES = YES;
				CLANG_WARN_SUSPICIOUS_MOVE = YES;
				CLANG_WARN_UNGUARDED_AVAILABILITY = YES_AGGRESSIVE;
				CLANG_WARN_UNREACHABLE_CODE = YES;
				CLANG_WARN__DUPLICATE_METHOD_MATCH = YES;
				CODE_SIGN_IDENTITY = "iPhone Developer";
				COPY_PHASE_STRIP = NO;
				DEBUG_INFORMATION_FORMAT = dwarf;
				ENABLE_STRICT_OBJC_MSGSEND = YES;
				ENABLE_TESTABILITY = YES;
				GCC_C_LANGUAGE_STANDARD = gnu11;
				GCC_DYNAMIC_NO_PIC = NO;
				GCC_NO_COMMON_BLOCKS = YES;
				GCC_OPTIMIZATION_LEVEL = 0;
				GCC_PREPROCESSOR_DEFINITIONS = (
					"DEBUG=1",
					"$(inherited)",
				);
				GCC_WARN_64_TO_32_BIT_CONVERSION = YES;
				GCC_WARN_ABOUT_RETURN_TYPE = YES_ERROR;
				GCC_WARN_UNDECLARED_SELECTOR = YES;
				GCC_WARN_UNINITIALIZED_AUTOS = YES_AGGRESSIVE;
				GCC_WARN_UNUSED_FUNCTION = YES;
				GCC_WARN_UNUSED_VARIABLE = YES;
				IPHONEOS_DEPLOYMENT_TARGET = 11.4;
				MTL_ENABLE_DEBUG_INFO = YES;
				ONLY_ACTIVE_ARCH = YES;
				SDKROOT = iphoneos;
				SWIFT_ACTIVE_COMPILATION_CONDITIONS = DEBUG;
				SWIFT_OPTIMIZATION_LEVEL = "-Onone";
			};
			name = Debug;
		};
		9C43D4D9225E65EC00ACB8AA /* Release */ = {
			isa = XCBuildConfiguration;
			buildSettings = {
				ALWAYS_SEARCH_USER_PATHS = NO;
				CLANG_ANALYZER_NONNULL = YES;
				CLANG_ANALYZER_NUMBER_OBJECT_CONVERSION = YES_AGGRESSIVE;
				CLANG_CXX_LANGUAGE_STANDARD = "gnu++14";
				CLANG_CXX_LIBRARY = "libc++";
				CLANG_ENABLE_MODULES = YES;
				CLANG_ENABLE_OBJC_ARC = YES;
				CLANG_ENABLE_OBJC_WEAK = YES;
				CLANG_WARN_BLOCK_CAPTURE_AUTORELEASING = YES;
				CLANG_WARN_BOOL_CONVERSION = YES;
				CLANG_WARN_COMMA = YES;
				CLANG_WARN_CONSTANT_CONVERSION = YES;
				CLANG_WARN_DEPRECATED_OBJC_IMPLEMENTATIONS = YES;
				CLANG_WARN_DIRECT_OBJC_ISA_USAGE = YES_ERROR;
				CLANG_WARN_DOCUMENTATION_COMMENTS = YES;
				CLANG_WARN_EMPTY_BODY = YES;
				CLANG_WARN_ENUM_CONVERSION = YES;
				CLANG_WARN_INFINITE_RECURSION = YES;
				CLANG_WARN_INT_CONVERSION = YES;
				CLANG_WARN_NON_LITERAL_NULL_CONVERSION = YES;
				CLANG_WARN_OBJC_IMPLICIT_RETAIN_SELF = YES;
				CLANG_WARN_OBJC_LITERAL_CONVERSION = YES;
				CLANG_WARN_OBJC_ROOT_CLASS = YES_ERROR;
				CLANG_WARN_RANGE_LOOP_ANALYSIS = YES;
				CLANG_WARN_STRICT_PROTOTYPES = YES;
				CLANG_WARN_SUSPICIOUS_MOVE = YES;
				CLANG_WARN_UNGUARDED_AVAILABILITY = YES_AGGRESSIVE;
				CLANG_WARN_UNREACHABLE_CODE = YES;
				CLANG_WARN__DUPLICATE_METHOD_MATCH = YES;
				CODE_SIGN_IDENTITY = "iPhone Developer";
				COPY_PHASE_STRIP = NO;
				DEBUG_INFORMATION_FORMAT = "dwarf-with-dsym";
				ENABLE_NS_ASSERTIONS = NO;
				ENABLE_STRICT_OBJC_MSGSEND = YES;
				GCC_C_LANGUAGE_STANDARD = gnu11;
				GCC_NO_COMMON_BLOCKS = YES;
				GCC_WARN_64_TO_32_BIT_CONVERSION = YES;
				GCC_WARN_ABOUT_RETURN_TYPE = YES_ERROR;
				GCC_WARN_UNDECLARED_SELECTOR = YES;
				GCC_WARN_UNINITIALIZED_AUTOS = YES_AGGRESSIVE;
				GCC_WARN_UNUSED_FUNCTION = YES;
				GCC_WARN_UNUSED_VARIABLE = YES;
				IPHONEOS_DEPLOYMENT_TARGET = 11.4;
				MTL_ENABLE_DEBUG_INFO = NO;
				SDKROOT = iphoneos;
				SWIFT_COMPILATION_MODE = wholemodule;
				SWIFT_OPTIMIZATION_LEVEL = "-O";
				VALIDATE_PRODUCT = YES;
			};
			name = Release;
		};
		9C43D4DB225E65EC00ACB8AA /* Debug */ = {
			isa = XCBuildConfiguration;
			buildSettings = {
				ASSETCATALOG_COMPILER_APPICON_NAME = AppIcon;
				CODE_SIGN_STYLE = Automatic;
				INFOPLIST_FILE = calculator/Info.plist;
				LD_RUNPATH_SEARCH_PATHS = (
					"$(inherited)",
					"@executable_path/Frameworks",
				);
				PRODUCT_BUNDLE_IDENTIFIER = gbc.calculator;
				PRODUCT_NAME = "$(TARGET_NAME)";
				SWIFT_VERSION = 4.0;
				TARGETED_DEVICE_FAMILY = "1,2";
			};
			name = Debug;
		};
		9C43D4DC225E65EC00ACB8AA /* Release */ = {
			isa = XCBuildConfiguration;
			buildSettings = {
				ASSETCATALOG_COMPILER_APPICON_NAME = AppIcon;
				CODE_SIGN_STYLE = Automatic;
				INFOPLIST_FILE = calculator/Info.plist;
				LD_RUNPATH_SEARCH_PATHS = (
					"$(inherited)",
					"@executable_path/Frameworks",
				);
				PRODUCT_BUNDLE_IDENTIFIER = gbc.calculator;
				PRODUCT_NAME = "$(TARGET_NAME)";
				SWIFT_VERSION = 4.0;
				TARGETED_DEVICE_FAMILY = "1,2";
			};
			name = Release;
		};
		9C43D4DE225E65EC00ACB8AA /* Debug */ = {
			isa = XCBuildConfiguration;
			buildSettings = {
				ALWAYS_EMBED_SWIFT_STANDARD_LIBRARIES = YES;
				BUNDLE_LOADER = "$(TEST_HOST)";
				CODE_SIGN_STYLE = Automatic;
				INFOPLIST_FILE = calculatorTests/Info.plist;
				LD_RUNPATH_SEARCH_PATHS = (
					"$(inherited)",
					"@executable_path/Frameworks",
					"@loader_path/Frameworks",
				);
				PRODUCT_BUNDLE_IDENTIFIER = gbc.calculatorTests;
				PRODUCT_NAME = "$(TARGET_NAME)";
				SWIFT_VERSION = 4.0;
				TARGETED_DEVICE_FAMILY = "1,2";
				TEST_HOST = "$(BUILT_PRODUCTS_DIR)/calculator.app/calculator";
			};
			name = Debug;
		};
		9C43D4DF225E65EC00ACB8AA /* Release */ = {
			isa = XCBuildConfiguration;
			buildSettings = {
				ALWAYS_EMBED_SWIFT_STANDARD_LIBRARIES = YES;
				BUNDLE_LOADER = "$(TEST_HOST)";
				CODE_SIGN_STYLE = Automatic;
				INFOPLIST_FILE = calculatorTests/Info.plist;
				LD_RUNPATH_SEARCH_PATHS = (
					"$(inherited)",
					"@executable_path/Frameworks",
					"@loader_path/Frameworks",
				);
				PRODUCT_BUNDLE_IDENTIFIER = gbc.calculatorTests;
				PRODUCT_NAME = "$(TARGET_NAME)";
				SWIFT_VERSION = 4.0;
				TARGETED_DEVICE_FAMILY = "1,2";
				TEST_HOST = "$(BUILT_PRODUCTS_DIR)/calculator.app/calculator";
			};
			name = Release;
		};
		9C43D4E1225E65EC00ACB8AA /* Debug */ = {
			isa = XCBuildConfiguration;
			buildSettings = {
				ALWAYS_EMBED_SWIFT_STANDARD_LIBRARIES = YES;
				CODE_SIGN_STYLE = Automatic;
				INFOPLIST_FILE = calculatorUITests/Info.plist;
				LD_RUNPATH_SEARCH_PATHS = (
					"$(inherited)",
					"@executable_path/Frameworks",
					"@loader_path/Frameworks",
				);
				PRODUCT_BUNDLE_IDENTIFIER = gbc.calculatorUITests;
				PRODUCT_NAME = "$(TARGET_NAME)";
				SWIFT_VERSION = 4.0;
				TARGETED_DEVICE_FAMILY = "1,2";
				TEST_TARGET_NAME = calculator;
			};
			name = Debug;
		};
		9C43D4E2225E65EC00ACB8AA /* Release */ = {
			isa = XCBuildConfiguration;
			buildSettings = {
				ALWAYS_EMBED_SWIFT_STANDARD_LIBRARIES = YES;
				CODE_SIGN_STYLE = Automatic;
				INFOPLIST_FILE = calculatorUITests/Info.plist;
				LD_RUNPATH_SEARCH_PATHS = (
					"$(inherited)",
					"@executable_path/Frameworks",
					"@loader_path/Frameworks",
				);
				PRODUCT_BUNDLE_IDENTIFIER = gbc.calculatorUITests;
				PRODUCT_NAME = "$(TARGET_NAME)";
				SWIFT_VERSION = 4.0;
				TARGETED_DEVICE_FAMILY = "1,2";
				TEST_TARGET_NAME = calculator;
			};
			name = Release;
		};
/* End XCBuildConfiguration section */

/* Begin XCConfigurationList section */
		9C43D4AD225E65E600ACB8AA /* Build configuration list for PBXProject "calculator" */ = {
			isa = XCConfigurationList;
			buildConfigurations = (
				9C43D4D8225E65EC00ACB8AA /* Debug */,
				9C43D4D9225E65EC00ACB8AA /* Release */,
			);
			defaultConfigurationIsVisible = 0;
			defaultConfigurationName = Release;
		};
		9C43D4DA225E65EC00ACB8AA /* Build configuration list for PBXNativeTarget "calculator" */ = {
			isa = XCConfigurationList;
			buildConfigurations = (
				9C43D4DB225E65EC00ACB8AA /* Debug */,
				9C43D4DC225E65EC00ACB8AA /* Release */,
			);
			defaultConfigurationIsVisible = 0;
			defaultConfigurationName = Release;
		};
		9C43D4DD225E65EC00ACB8AA /* Build configuration list for PBXNativeTarget "calculatorTests" */ = {
			isa = XCConfigurationList;
			buildConfigurations = (
				9C43D4DE225E65EC00ACB8AA /* Debug */,
				9C43D4DF225E65EC00ACB8AA /* Release */,
			);
			defaultConfigurationIsVisible = 0;
			defaultConfigurationName = Release;
		};
		9C43D4E0225E65EC00ACB8AA /* Build configuration list for PBXNativeTarget "calculatorUITests" */ = {
			isa = XCConfigurationList;
			buildConfigurations = (
				9C43D4E1225E65EC00ACB8AA /* Debug */,
				9C43D4E2225E65EC00ACB8AA /* Release */,
			);
			defaultConfigurationIsVisible = 0;
			defaultConfigurationName = Release;
		};
/* End XCConfigurationList section */
	};
	rootObject = 9C43D4AA225E65E600ACB8AA /* Project object */;
}
